
Microsoft Visual Studio Solution File, Format Version 12.00
# Visual Studio Version 17
VisualStudioVersion = 17.9.34728.123
MinimumVisualStudioVersion = 10.0.40219.1
Project("{FAE04EC0-301F-11D3-BF4B-00C04F79EFBC}") = "OnlineCourses", "OnlineCourses\OnlineCourses.csproj", "{0E10975C-E4D9-4FB3-8FCA-D41352351B68}"
EndProject
Project("{FAE04EC0-301F-11D3-BF4B-00C04F79EFBC}") = "DAL", "DAL\DAL.csproj", "{7A761CCD-61CB-4FD4-AB49-CD3C57EFF168}"
EndProject
Project("{FAE04EC0-301F-11D3-BF4B-00C04F79EFBC}") = "BAL", "BAL\BAL.csproj", "{B26FC915-17BC-451A-A682-AB49EDFF4B92}"
EndProject
Global
	GlobalSection(SolutionConfigurationPlatforms) = preSolution
		Debug|Any CPU = Debug|Any CPU
		Release|Any CPU = Release|Any CPU
	EndGlobalSection
	GlobalSection(ProjectConfigurationPlatforms) = postSolution
		{0E10975C-E4D9-4FB3-8FCA-D41352351B68}.Debug|Any CPU.ActiveCfg = Debug|Any CPU
		{0E10975C-E4D9-4FB3-8FCA-D41352351B68}.Debug|Any CPU.Build.0 = Debug|Any CPU
		{0E10975C-E4D9-4FB3-8FCA-D41352351B68}.Release|Any CPU.ActiveCfg = Release|Any CPU
		{0E10975C-E4D9-4FB3-8FCA-D41352351B68}.Release|Any CPU.Build.0 = Release|Any CPU
		{7A761CCD-61CB-4FD4-AB49-CD3C57EFF168}.Debug|Any CPU.ActiveCfg = Debug|Any CPU
		{7A761CCD-61CB-4FD4-AB49-CD3C57EFF168}.Debug|Any CPU.Build.0 = Debug|Any CPU
		{7A761CCD-61CB-4FD4-AB49-CD3C57EFF168}.Release|Any CPU.ActiveCfg = Release|Any CPU
		{7A761CCD-61CB-4FD4-AB49-CD3C57EFF168}.Release|Any CPU.Build.0 = Release|Any CPU
		{B26FC915-17BC-451A-A682-AB49EDFF4B92}.Debug|Any CPU.ActiveCfg = Debug|Any CPU
		{B26FC915-17BC-451A-A682-AB49EDFF4B92}.Debug|Any CPU.Build.0 = Debug|Any CPU
		{B26FC915-17BC-451A-A682-AB49EDFF4B92}.Release|Any CPU.ActiveCfg = Release|Any CPU
		{B26FC915-17BC-451A-A682-AB49EDFF4B92}.Release|Any CPU.Build.0 = Release|Any CPU
	EndGlobalSection
	GlobalSection(SolutionProperties) = preSolution
		HideSolutionNode = FALSE
	EndGlobalSection
	GlobalSection(ExtensibilityGlobals) = postSolution
		SolutionGuid = {B99B84D0-D154-4031-9C7F-CC37ADC70BA1}
	EndGlobalSection
EndGlobal
